schema: '2.0'
stages:
  download:
    cmd: python src/data/download_data.py
    deps:
    - path: src/data/download_data.py
      hash: md5
      md5: 3fddbe1182e53584887715d4631aac82
      size: 649
    outs:
    - path: data/raw/raw.csv
      hash: md5
      md5: 617b56af2992376d5c3e91ad80823898
      size: 333757
